
Microsoft Visual Studio Solution File, Format Version 12.00
# Visual Studio 15
VisualStudioVersion = 15.0.27428.2037
MinimumVisualStudioVersion = 10.0.40219.1
Project("{FAE04EC0-301F-11D3-BF4B-00C04F79EFBC}") = "ABCommerceImport", "WindowsFormsApp1\ABCommerceImport.csproj", "{79FA36C5-9DE4-431B-9F8B-7CBE3A601A1B}"
EndProject
Global
	GlobalSection(SolutionConfigurationPlatforms) = preSolution
		Debug|Any CPU = Debug|Any CPU
		Release|Any CPU = Release|Any CPU
	EndGlobalSection
	GlobalSection(ProjectConfigurationPlatforms) = postSolution
		{79FA36C5-9DE4-431B-9F8B-7CBE3A601A1B}.Debug|Any CPU.ActiveCfg = Debug|Any CPU
		{79FA36C5-9DE4-431B-9F8B-7CBE3A601A1B}.Debug|Any CPU.Build.0 = Debug|Any CPU
		{79FA36C5-9DE4-431B-9F8B-7CBE3A601A1B}.Release|Any CPU.ActiveCfg = Release|Any CPU
		{79FA36C5-9DE4-431B-9F8B-7CBE3A601A1B}.Release|Any CPU.Build.0 = Release|Any CPU
	EndGlobalSection
	GlobalSection(SolutionProperties) = preSolution
		HideSolutionNode = FALSE
	EndGlobalSection
	GlobalSection(ExtensibilityGlobals) = postSolution
		SolutionGuid = {CE1BE762-1278-499B-82BE-7DC409D5361B}
	EndGlobalSection
EndGlobal
